
Microsoft Visual Studio Solution File, Format Version 12.00
# Visual Studio 2012
Project("{FAE04EC0-301F-11D3-BF4B-00C04F79EFBC}") = "InputTest", "InputTest\InputTest.csproj", "{533CD161-498F-43D8-AC0B-8020C861F1CC}"
EndProject
Global
	GlobalSection(SolutionConfigurationPlatforms) = preSolution
		Debug|Any CPU = Debug|Any CPU
		Release|Any CPU = Release|Any CPU
	EndGlobalSection
	GlobalSection(ProjectConfigurationPlatforms) = postSolution
		{533CD161-498F-43D8-AC0B-8020C861F1CC}.Debug|Any CPU.ActiveCfg = Debug|Any CPU
		{533CD161-498F-43D8-AC0B-8020C861F1CC}.Debug|Any CPU.Build.0 = Debug|Any CPU
		{533CD161-498F-43D8-AC0B-8020C861F1CC}.Release|Any CPU.ActiveCfg = Release|Any CPU
		{533CD161-498F-43D8-AC0B-8020C861F1CC}.Release|Any CPU.Build.0 = Release|Any CPU
	EndGlobalSection
	GlobalSection(SolutionProperties) = preSolution
		HideSolutionNode = FALSE
	EndGlobalSection
EndGlobal
